
Microsoft Visual Studio Solution File, Format Version 12.00
# Visual Studio Version 17
VisualStudioVersion = 17.11.35222.181
MinimumVisualStudioVersion = 10.0.40219.1
Project("{FAE04EC0-301F-11D3-BF4B-00C04F79EFBC}") = "laba1", "laba1\laba1.csproj", "{06234916-0542-420E-9586-4D8C980D4759}"
EndProject
Global
	GlobalSection(SolutionConfigurationPlatforms) = preSolution
		Debug|Any CPU = Debug|Any CPU
		Release|Any CPU = Release|Any CPU
	EndGlobalSection
	GlobalSection(ProjectConfigurationPlatforms) = postSolution
		{06234916-0542-420E-9586-4D8C980D4759}.Debug|Any CPU.ActiveCfg = Debug|Any CPU
		{06234916-0542-420E-9586-4D8C980D4759}.Debug|Any CPU.Build.0 = Debug|Any CPU
		{06234916-0542-420E-9586-4D8C980D4759}.Release|Any CPU.ActiveCfg = Release|Any CPU
		{06234916-0542-420E-9586-4D8C980D4759}.Release|Any CPU.Build.0 = Release|Any CPU
	EndGlobalSection
	GlobalSection(SolutionProperties) = preSolution
		HideSolutionNode = FALSE
	EndGlobalSection
	GlobalSection(ExtensibilityGlobals) = postSolution
		SolutionGuid = {A9C27DBC-78B6-4A56-B78D-653005ABB9EB}
	EndGlobalSection
EndGlobal
